{
  "pins" : [
    {
      "identity" : "fuse-swift",
      "kind" : "remoteSourceControl",
      "location" : "https://github.com/krisk/fuse-swift.git",
      "state" : {
        "revision" : "26ba868691b2d8b7bf2b1322951eb591be70ccca",
        "version" : "1.4.0"
      }
    },
    {
      "identity" : "pzcircularcontrol",
      "kind" : "remoteSourceControl",
      "location" : "https://github.com/philptr/PZCircularControl",
      "state" : {
        "revision" : "1ccbec964d1589d7662065112353ede98078fc82",
        "version" : "0.1.2"
      }
    },
    {
      "identity" : "sparkle",
      "kind" : "remoteSourceControl",
      "location" : "https://github.com/sparkle-project/Sparkle",
      "state" : {
        "revision" : "87e4fcbac39912f9cdb9a9acf205cad60e1ca3bc",
        "version" : "2.4.2"
      }
    },
    {
      "identity" : "swiftui-cached-async-image",
      "kind" : "remoteSourceControl",
      "location" : "https://github.com/lorenzofiamingo/swiftui-cached-async-image",
      "state" : {
        "revision" : "467a3d17479887943ab917a379e62bbaff60ac8a",
        "version" : "2.1.1"
      }
    },
    {
      "identity" : "swiftui-shimmer",
      "kind" : "remoteSourceControl",
      "location" : "https://github.com/markiv/SwiftUI-Shimmer",
      "state" : {
        "revision" : "17b66b0e7d94d2d3f220bbcb021b5026436f06c7",
        "version" : "1.3.0"
      }
    }
  ],
  "version" : 2
}
