// !$*UTF8*$!
{
	archiveVersion = 1;
	classes = {
	};
	objectVersion = 70;
	objects = {

/* Begin PBXBuildFile section */
		413E60C02BBF0E5C00978F6A /* Kingfisher in Frameworks */ = {isa = PBXBuildFile; productRef = 413E60BF2BBF0E5C00978F6A /* Kingfisher */; };
		413F87352D34109000D4BE10 /* ButtonKit in Frameworks */ = {isa = PBXBuildFile; productRef = 413F87342D34109000D4BE10 /* ButtonKit */; };
		4189CE392937CD41009C836D /* Shimmer in Frameworks */ = {isa = PBXBuildFile; productRef = 4189CE382937CD41009C836D /* Shimmer */; };
		418E9EF42AACD9C000046A58 /* CircularProgress in Frameworks */ = {isa = PBXBuildFile; productRef = 418E9EF32AACD9C000046A58 /* CircularProgress */; };
		41C8FA292A7A598B000BB9A2 /* Sparkle in Frameworks */ = {isa = PBXBuildFile; productRef = 41C8FA282A7A598B000BB9A2 /* Sparkle */; };
		41D325452F3A297900E3FE1E /* GRDB in Frameworks */ = {isa = PBXBuildFile; productRef = 41D325442F3A297900E3FE1E /* GRDB */; };
		BD7546572A868DA30083996B /* Localizable.xcstrings in Resources */ = {isa = PBXBuildFile; fileRef = BD7546562A868DA30083996B /* Localizable.xcstrings */; };
/* End PBXBuildFile section */

/* Begin PBXCopyFilesBuildPhase section */
		413F87212D32D12A00D4BE10 /* Embed Frameworks */ = {
			isa = PBXCopyFilesBuildPhase;
			buildActionMask = 2147483647;
			dstPath = "";
			dstSubfolderSpec = 10;
			files = (
			);
			name = "Embed Frameworks";
			runOnlyForDeploymentPostprocessing = 0;
		};
/* End PBXCopyFilesBuildPhase section */

/* Begin PBXFileReference section */
		414074F128DF53E80073EB22 /* Applite.app */ = {isa = PBXFileReference; explicitFileType = wrapper.application; includeInIndex = 0; path = Applite.app; sourceTree = BUILT_PRODUCTS_DIR; };
		BD7546562A868DA30083996B /* Localizable.xcstrings */ = {isa = PBXFileReference; fileEncoding = 4; lastKnownFileType = text.json.xcstrings; path = Localizable.xcstrings; sourceTree = "<group>"; };
/* End PBXFileReference section */

/* Begin PBXFileSystemSynchronizedBuildFileExceptionSet section */
		412495EB2FE957E200527CE5 /* PBXFileSystemSynchronizedBuildFileExceptionSet */ = {
			isa = PBXFileSystemSynchronizedBuildFileExceptionSet;
			membershipExceptions = (
				"Applite-Info.plist",
			);
			target = 414074F028DF53E80073EB22 /* Applite */;
		};
/* End PBXFileSystemSynchronizedBuildFileExceptionSet section */

/* Begin PBXFileSystemSynchronizedRootGroup section */
		412495702FE957E100527CE5 /* Applite */ = {isa = PBXFileSystemSynchronizedRootGroup; exceptions = (412495EB2FE957E200527CE5 /* PBXFileSystemSynchronizedBuildFileExceptionSet */, ); explicitFileTypes = {}; explicitFolders = (); path = Applite; sourceTree = "<group>"; };
/* End PBXFileSystemSynchronizedRootGroup section */

/* Begin PBXFrameworksBuildPhase section */
		414074EE28DF53E80073EB22 /* Frameworks */ = {
			isa = PBXFrameworksBuildPhase;
			buildActionMask = 2147483647;
			files = (
				413F87352D34109000D4BE10 /* ButtonKit in Frameworks */,
				41C8FA292A7A598B000BB9A2 /* Sparkle in Frameworks */,
				41D325452F3A297900E3FE1E /* GRDB in Frameworks */,
				4189CE392937CD41009C836D /* Shimmer in Frameworks */,
				418E9EF42AACD9C000046A58 /* CircularProgress in Frameworks */,
				413E60C02BBF0E5C00978F6A /* Kingfisher in Frameworks */,
			);
			runOnlyForDeploymentPostprocessing = 0;
		};
/* End PBXFrameworksBuildPhase section */

/* Begin PBXGroup section */
		414074E828DF53E80073EB22 = {
			isa = PBXGroup;
			children = (
				BD7546562A868DA30083996B /* Localizable.xcstrings */,
				412495702FE957E100527CE5 /* Applite */,
				414074F228DF53E80073EB22 /* Products */,
			);
			sourceTree = "<group>";
		};
		414074F228DF53E80073EB22 /* Products */ = {
			isa = PBXGroup;
			children = (
				414074F128DF53E80073EB22 /* Applite.app */,
			);
			name = Products;
			sourceTree = "<group>";
		};
/* End PBXGroup section */

/* Begin PBXNativeTarget section */
		414074F028DF53E80073EB22 /* Applite */ = {
			isa = PBXNativeTarget;
			buildConfigurationList = 4140750028DF53EB0073EB22 /* Build configuration list for PBXNativeTarget "Applite" */;
			buildPhases = (
				414074ED28DF53E80073EB22 /* Sources */,
				414074EE28DF53E80073EB22 /* Frameworks */,
				414074EF28DF53E80073EB22 /* Resources */,
				413F87212D32D12A00D4BE10 /* Embed Frameworks */,
			);
			buildRules = (
			);
			dependencies = (
			);
			fileSystemSynchronizedGroups = (
				412495702FE957E100527CE5 /* Applite */,
			);
			name = Applite;
			packageProductDependencies = (
				4189CE382937CD41009C836D /* Shimmer */,
				41C8FA282A7A598B000BB9A2 /* Sparkle */,
				418E9EF32AACD9C000046A58 /* CircularProgress */,
				413E60BF2BBF0E5C00978F6A /* Kingfisher */,
				413F87342D34109000D4BE10 /* ButtonKit */,
				41D325442F3A297900E3FE1E /* GRDB */,
			);
			productName = Applite;
			productReference = 414074F128DF53E80073EB22 /* Applite.app */;
			productType = "com.apple.product-type.application";
		};
/* End PBXNativeTarget section */

/* Begin PBXProject section */
		414074E928DF53E80073EB22 /* Project object */ = {
			isa = PBXProject;
			attributes = {
				BuildIndependentTargetsInParallel = 1;
				LastSwiftUpdateCheck = 1400;
				LastUpgradeCheck = 2640;
				TargetAttributes = {
					414074F028DF53E80073EB22 = {
						CreatedOnToolsVersion = 14.0;
					};
				};
			};
			buildConfigurationList = 414074EC28DF53E80073EB22 /* Build configuration list for PBXProject "Applite" */;
			compatibilityVersion = "Xcode 14.0";
			developmentRegion = en;
			hasScannedForEncodings = 0;
			knownRegions = (
				Base,
				base,
				en,
				fr,
				hu,
				"zh-Hans",
				tr,
			);
			mainGroup = 414074E828DF53E80073EB22;
			packageReferences = (
				4189CE372937CD41009C836D /* XCRemoteSwiftPackageReference "SwiftUI-Shimmer" */,
				41C8FA272A7A598B000BB9A2 /* XCRemoteSwiftPackageReference "Sparkle" */,
				418E9EF22AACD9C000046A58 /* XCRemoteSwiftPackageReference "CircularProgressSwiftUI" */,
				413E60BE2BBF0E5C00978F6A /* XCRemoteSwiftPackageReference "Kingfisher" */,
				413F87332D34109000D4BE10 /* XCRemoteSwiftPackageReference "ButtonKit" */,
				41D325432F3A297900E3FE1E /* XCRemoteSwiftPackageReference "GRDB" */,
			);
			productRefGroup = 414074F228DF53E80073EB22 /* Products */;
			projectDirPath = "";
			projectRoot = "";
			targets = (
				414074F028DF53E80073EB22 /* Applite */,
			);
		};
/* End PBXProject section */

/* Begin PBXResourcesBuildPhase section */
		414074EF28DF53E80073EB22 /* Resources */ = {
			isa = PBXResourcesBuildPhase;
			buildActionMask = 2147483647;
			files = (
				BD7546572A868DA30083996B /* Localizable.xcstrings in Resources */,
			);
			runOnlyForDeploymentPostprocessing = 0;
		};
/* End PBXResourcesBuildPhase section */

/* Begin PBXSourcesBuildPhase section */
		414074ED28DF53E80073EB22 /* Sources */ = {
			isa = PBXSourcesBuildPhase;
			buildActionMask = 2147483647;
			files = (
			);
			runOnlyForDeploymentPostprocessing = 0;
		};
/* End PBXSourcesBuildPhase section */

/* Begin XCBuildConfiguration section */
		414074FE28DF53EB0073EB22 /* Debug */ = {
			isa = XCBuildConfiguration;
			buildSettings = {
				ALWAYS_SEARCH_USER_PATHS = NO;
				ASSETCATALOG_COMPILER_GENERATE_SWIFT_ASSET_SYMBOL_EXTENSIONS = YES;
				CLANG_ANALYZER_LOCALIZABILITY_NONLOCALIZED = YES;
				CLANG_ANALYZER_NONNULL = YES;
				CLANG_ANALYZER_NUMBER_OBJECT_CONVERSION = YES_AGGRESSIVE;
				CLANG_CXX_LANGUAGE_STANDARD = "gnu++20";
				CLANG_ENABLE_MODULES = YES;
				CLANG_ENABLE_OBJC_ARC = YES;
				CLANG_ENABLE_OBJC_WEAK = YES;
				CLANG_WARN_BLOCK_CAPTURE_AUTORELEASING = YES;
				CLANG_WARN_BOOL_CONVERSION = YES;
				CLANG_WARN_COMMA = YES;
				CLANG_WARN_CONSTANT_CONVERSION = YES;
				CLANG_WARN_DEPRECATED_OBJC_IMPLEMENTATIONS = YES;
				CLANG_WARN_DIRECT_OBJC_ISA_USAGE = YES_ERROR;
				CLANG_WARN_DOCUMENTATION_COMMENTS = YES;
				CLANG_WARN_EMPTY_BODY = YES;
				CLANG_WARN_ENUM_CONVERSION = YES;
				CLANG_WARN_INFINITE_RECURSION = YES;
				CLANG_WARN_INT_CONVERSION = YES;
				CLANG_WARN_NON_LITERAL_NULL_CONVERSION = YES;
				CLANG_WARN_OBJC_IMPLICIT_RETAIN_SELF = YES;
				CLANG_WARN_OBJC_LITERAL_CONVERSION = YES;
				CLANG_WARN_OBJC_ROOT_CLASS = YES_ERROR;
				CLANG_WARN_QUOTED_INCLUDE_IN_FRAMEWORK_HEADER = YES;
				CLANG_WARN_RANGE_LOOP_ANALYSIS = YES;
				CLANG_WARN_STRICT_PROTOTYPES = YES;
				CLANG_WARN_SUSPICIOUS_MOVE = YES;
				CLANG_WARN_UNGUARDED_AVAILABILITY = YES_AGGRESSIVE;
				CLANG_WARN_UNREACHABLE_CODE = YES;
				CLANG_WARN__DUPLICATE_METHOD_MATCH = YES;
				COPY_PHASE_STRIP = NO;
				DEAD_CODE_STRIPPING = YES;
				DEBUG_INFORMATION_FORMAT = dwarf;
				DEVELOPMENT_TEAM = 9CLTNBW4Z3;
				ENABLE_STRICT_OBJC_MSGSEND = YES;
				ENABLE_TESTABILITY = YES;
				ENABLE_USER_SCRIPT_SANDBOXING = YES;
				GCC_C_LANGUAGE_STANDARD = gnu11;
				GCC_DYNAMIC_NO_PIC = NO;
				GCC_NO_COMMON_BLOCKS = YES;
				GCC_OPTIMIZATION_LEVEL = 0;
				GCC_PREPROCESSOR_DEFINITIONS = (
					"DEBUG=1",
					"$(inherited)",
				);
				GCC_WARN_64_TO_32_BIT_CONVERSION = YES;
				GCC_WARN_ABOUT_RETURN_TYPE = YES_ERROR;
				GCC_WARN_UNDECLARED_SELECTOR = YES;
				GCC_WARN_UNINITIALIZED_AUTOS = YES_AGGRESSIVE;
				GCC_WARN_UNUSED_FUNCTION = YES;
				GCC_WARN_UNUSED_VARIABLE = YES;
				LD_RUNPATH_SEARCH_PATHS = "";
				MACOSX_DEPLOYMENT_TARGET = 13.1;
				MTL_ENABLE_DEBUG_INFO = INCLUDE_SOURCE;
				MTL_FAST_MATH = YES;
				ONLY_ACTIVE_ARCH = YES;
				SDKROOT = macosx;
				STRING_CATALOG_GENERATE_SYMBOLS = YES;
				SWIFT_ACTIVE_COMPILATION_CONDITIONS = DEBUG;
				SWIFT_OPTIMIZATION_LEVEL = "-Onone";
			};
			name = Debug;
		};
		414074FF28DF53EB0073EB22 /* Release */ = {
			isa = XCBuildConfiguration;
			buildSettings = {
				ALWAYS_SEARCH_USER_PATHS = NO;
				ASSETCATALOG_COMPILER_GENERATE_SWIFT_ASSET_SYMBOL_EXTENSIONS = YES;
				CLANG_ANALYZER_LOCALIZABILITY_NONLOCALIZED = YES;
				CLANG_ANALYZER_NONNULL = YES;
				CLANG_ANALYZER_NUMBER_OBJECT_CONVERSION = YES_AGGRESSIVE;
				CLANG_CXX_LANGUAGE_STANDARD = "gnu++20";
				CLANG_ENABLE_MODULES = YES;
				CLANG_ENABLE_OBJC_ARC = YES;
				CLANG_ENABLE_OBJC_WEAK = YES;
				CLANG_WARN_BLOCK_CAPTURE_AUTORELEASING = YES;
				CLANG_WARN_BOOL_CONVERSION = YES;
				CLANG_WARN_COMMA = YES;
				CLANG_WARN_CONSTANT_CONVERSION = YES;
				CLANG_WARN_DEPRECATED_OBJC_IMPLEMENTATIONS = YES;
				CLANG_WARN_DIRECT_OBJC_ISA_USAGE = YES_ERROR;
				CLANG_WARN_DOCUMENTATION_COMMENTS = YES;
				CLANG_WARN_EMPTY_BODY = YES;
				CLANG_WARN_ENUM_CONVERSION = YES;
				CLANG_WARN_INFINITE_RECURSION = YES;
				CLANG_WARN_INT_CONVERSION = YES;
				CLANG_WARN_NON_LITERAL_NULL_CONVERSION = YES;
				CLANG_WARN_OBJC_IMPLICIT_RETAIN_SELF = YES;
				CLANG_WARN_OBJC_LITERAL_CONVERSION = YES;
				CLANG_WARN_OBJC_ROOT_CLASS = YES_ERROR;
				CLANG_WARN_QUOTED_INCLUDE_IN_FRAMEWORK_HEADER = YES;
				CLANG_WARN_RANGE_LOOP_ANALYSIS = YES;
				CLANG_WARN_STRICT_PROTOTYPES = YES;
				CLANG_WARN_SUSPICIOUS_MOVE = YES;
				CLANG_WARN_UNGUARDED_AVAILABILITY = YES_AGGRESSIVE;
				CLANG_WARN_UNREACHABLE_CODE = YES;
				CLANG_WARN__DUPLICATE_METHOD_MATCH = YES;
				COPY_PHASE_STRIP = NO;
				DEAD_CODE_STRIPPING = YES;
				DEBUG_INFORMATION_FORMAT = "dwarf-with-dsym";
				DEVELOPMENT_TEAM = 9CLTNBW4Z3;
				ENABLE_NS_ASSERTIONS = NO;
				ENABLE_STRICT_OBJC_MSGSEND = YES;
				ENABLE_USER_SCRIPT_SANDBOXING = YES;
				GCC_C_LANGUAGE_STANDARD = gnu11;
				GCC_NO_COMMON_BLOCKS = YES;
				GCC_WARN_64_TO_32_BIT_CONVERSION = YES;
				GCC_WARN_ABOUT_RETURN_TYPE = YES_ERROR;
				GCC_WARN_UNDECLARED_SELECTOR = YES;
				GCC_WARN_UNINITIALIZED_AUTOS = YES_AGGRESSIVE;
				GCC_WARN_UNUSED_FUNCTION = YES;
				GCC_WARN_UNUSED_VARIABLE = YES;
				LD_RUNPATH_SEARCH_PATHS = "";
				MACOSX_DEPLOYMENT_TARGET = 13.1;
				MTL_ENABLE_DEBUG_INFO = NO;
				MTL_FAST_MATH = YES;
				SDKROOT = macosx;
				STRING_CATALOG_GENERATE_SYMBOLS = YES;
				SWIFT_COMPILATION_MODE = wholemodule;
				SWIFT_OPTIMIZATION_LEVEL = "-O";
			};
			name = Release;
		};
		4140750128DF53EB0073EB22 /* Debug */ = {
			isa = XCBuildConfiguration;
			buildSettings = {
				ASSETCATALOG_COMPILER_APPICON_NAME = AppIcon;
				CODE_SIGN_ENTITLEMENTS = Applite/AppliteDebug.entitlements;
				CODE_SIGN_IDENTITY = "-";
				"CODE_SIGN_IDENTITY[sdk=macosx*]" = "Apple Development";
				CODE_SIGN_STYLE = Automatic;
				COMBINE_HIDPI_IMAGES = YES;
				CURRENT_PROJECT_VERSION = 19;
				DEAD_CODE_STRIPPING = YES;
				DEVELOPMENT_ASSET_PATHS = "\"Applite/Preview Content\"";
				DEVELOPMENT_TEAM = 9CLTNBW4Z3;
				ENABLE_HARDENED_RUNTIME = YES;
				ENABLE_PREVIEWS = YES;
				GENERATE_INFOPLIST_FILE = YES;
				INFOPLIST_FILE = "Applite/Applite-Info.plist";
				INFOPLIST_KEY_CFBundleDisplayName = Applite;
				INFOPLIST_KEY_LSApplicationCategoryType = "public.app-category.utilities";
				INFOPLIST_KEY_NSHumanReadableCopyright = "© 2025, Milán Várady";
				INFOPLIST_KEY_UILaunchStoryboardName = S;
				LD_RUNPATH_SEARCH_PATHS = (
					"$(inherited)",
					"@executable_path/../Frameworks",
				);
				MACOSX_DEPLOYMENT_TARGET = 14.0;
				MARKETING_VERSION = 1.3.1;
				PRODUCT_BUNDLE_IDENTIFIER = dev.aerolite.Applite;
				PRODUCT_NAME = "$(TARGET_NAME)";
				SWIFT_EMIT_LOC_STRINGS = YES;
				SWIFT_VERSION = 6.0;
			};
			name = Debug;
		};
		4140750228DF53EB0073EB22 /* Release */ = {
			isa = XCBuildConfiguration;
			buildSettings = {
				ASSETCATALOG_COMPILER_APPICON_NAME = AppIcon;
				CODE_SIGN_ENTITLEMENTS = Applite/Applite.entitlements;
				CODE_SIGN_IDENTITY = "-";
				"CODE_SIGN_IDENTITY[sdk=macosx*]" = "Apple Development";
				CODE_SIGN_STYLE = Automatic;
				COMBINE_HIDPI_IMAGES = YES;
				CURRENT_PROJECT_VERSION = 19;
				DEAD_CODE_STRIPPING = YES;
				DEVELOPMENT_ASSET_PATHS = "\"Applite/Preview Content\"";
				DEVELOPMENT_TEAM = 9CLTNBW4Z3;
				ENABLE_HARDENED_RUNTIME = YES;
				ENABLE_PREVIEWS = YES;
				GENERATE_INFOPLIST_FILE = YES;
				INFOPLIST_FILE = "Applite/Applite-Info.plist";
				INFOPLIST_KEY_CFBundleDisplayName = Applite;
				INFOPLIST_KEY_LSApplicationCategoryType = "public.app-category.utilities";
				INFOPLIST_KEY_NSHumanReadableCopyright = "© 2025, Milán Várady";
				INFOPLIST_KEY_UILaunchStoryboardName = S;
				LD_RUNPATH_SEARCH_PATHS = (
					"$(inherited)",
					"@executable_path/../Frameworks",
				);
				MACOSX_DEPLOYMENT_TARGET = 14.0;
				MARKETING_VERSION = 1.3.1;
				PRODUCT_BUNDLE_IDENTIFIER = dev.aerolite.Applite;
				PRODUCT_NAME = "$(TARGET_NAME)";
				SWIFT_EMIT_LOC_STRINGS = YES;
				SWIFT_VERSION = 6.0;
			};
			name = Release;
		};
/* End XCBuildConfiguration section */

/* Begin XCConfigurationList section */
		414074EC28DF53E80073EB22 /* Build configuration list for PBXProject "Applite" */ = {
			isa = XCConfigurationList;
			buildConfigurations = (
				414074FE28DF53EB0073EB22 /* Debug */,
				414074FF28DF53EB0073EB22 /* Release */,
			);
			defaultConfigurationIsVisible = 0;
			defaultConfigurationName = Release;
		};
		4140750028DF53EB0073EB22 /* Build configuration list for PBXNativeTarget "Applite" */ = {
			isa = XCConfigurationList;
			buildConfigurations = (
				4140750128DF53EB0073EB22 /* Debug */,
				4140750228DF53EB0073EB22 /* Release */,
			);
			defaultConfigurationIsVisible = 0;
			defaultConfigurationName = Release;
		};
/* End XCConfigurationList section */

/* Begin XCRemoteSwiftPackageReference section */
		413E60BE2BBF0E5C00978F6A /* XCRemoteSwiftPackageReference "Kingfisher" */ = {
			isa = XCRemoteSwiftPackageReference;
			repositoryURL = "https://github.com/onevcat/Kingfisher";
			requirement = {
				kind = upToNextMajorVersion;
				minimumVersion = 8.9.0;
			};
		};
		413F87332D34109000D4BE10 /* XCRemoteSwiftPackageReference "ButtonKit" */ = {
			isa = XCRemoteSwiftPackageReference;
			repositoryURL = "https://github.com/Dean151/ButtonKit";
			requirement = {
				kind = upToNextMajorVersion;
				minimumVersion = 0.7.1;
			};
		};
		4189CE372937CD41009C836D /* XCRemoteSwiftPackageReference "SwiftUI-Shimmer" */ = {
			isa = XCRemoteSwiftPackageReference;
			repositoryURL = "https://github.com/markiv/SwiftUI-Shimmer";
			requirement = {
				kind = upToNextMajorVersion;
				minimumVersion = 1.5.0;
			};
		};
		418E9EF22AACD9C000046A58 /* XCRemoteSwiftPackageReference "CircularProgressSwiftUI" */ = {
			isa = XCRemoteSwiftPackageReference;
			repositoryURL = "https://github.com/ArnavMotwani/CircularProgressSwiftUI";
			requirement = {
				kind = upToNextMajorVersion;
				minimumVersion = 1.2.2;
			};
		};
		41C8FA272A7A598B000BB9A2 /* XCRemoteSwiftPackageReference "Sparkle" */ = {
			isa = XCRemoteSwiftPackageReference;
			repositoryURL = "https://github.com/sparkle-project/Sparkle";
			requirement = {
				kind = upToNextMajorVersion;
				minimumVersion = 2.9.0;
			};
		};
		41D325432F3A297900E3FE1E /* XCRemoteSwiftPackageReference "GRDB" */ = {
			isa = XCRemoteSwiftPackageReference;
			repositoryURL = "https://github.com/groue/GRDB.swift";
			requirement = {
				kind = upToNextMajorVersion;
				minimumVersion = 7.10.0;
			};
		};
/* End XCRemoteSwiftPackageReference section */

/* Begin XCSwiftPackageProductDependency section */
		413E60BF2BBF0E5C00978F6A /* Kingfisher */ = {
			isa = XCSwiftPackageProductDependency;
			package = 413E60BE2BBF0E5C00978F6A /* XCRemoteSwiftPackageReference "Kingfisher" */;
			productName = Kingfisher;
		};
		413F87342D34109000D4BE10 /* ButtonKit */ = {
			isa = XCSwiftPackageProductDependency;
			package = 413F87332D34109000D4BE10 /* XCRemoteSwiftPackageReference "ButtonKit" */;
			productName = ButtonKit;
		};
		4189CE382937CD41009C836D /* Shimmer */ = {
			isa = XCSwiftPackageProductDependency;
			package = 4189CE372937CD41009C836D /* XCRemoteSwiftPackageReference "SwiftUI-Shimmer" */;
			productName = Shimmer;
		};
		418E9EF32AACD9C000046A58 /* CircularProgress */ = {
			isa = XCSwiftPackageProductDependency;
			package = 418E9EF22AACD9C000046A58 /* XCRemoteSwiftPackageReference "CircularProgressSwiftUI" */;
			productName = CircularProgress;
		};
		41C8FA282A7A598B000BB9A2 /* Sparkle */ = {
			isa = XCSwiftPackageProductDependency;
			package = 41C8FA272A7A598B000BB9A2 /* XCRemoteSwiftPackageReference "Sparkle" */;
			productName = Sparkle;
		};
		41D325442F3A297900E3FE1E /* GRDB */ = {
			isa = XCSwiftPackageProductDependency;
			package = 41D325432F3A297900E3FE1E /* XCRemoteSwiftPackageReference "GRDB" */;
			productName = GRDB;
		};
/* End XCSwiftPackageProductDependency section */
	};
	rootObject = 414074E928DF53E80073EB22 /* Project object */;
}
